
Microsoft Visual Studio Solution File, Format Version 12.00
# Visual Studio Version 16
VisualStudioVersion = 16.0.33027.164
MinimumVisualStudioVersion = 10.0.40219.1
Project("{FAE04EC0-301F-11D3-BF4B-00C04F79EFBC}") = "Singletone_DBManager", "Singletone_DBManager\Singletone_DBManager.csproj", "{EC0540CA-D969-4842-8075-E5C21FF93660}"
EndProject
Global
	GlobalSection(SolutionConfigurationPlatforms) = preSolution
		Debug|Any CPU = Debug|Any CPU
		Release|Any CPU = Release|Any CPU
	EndGlobalSection
	GlobalSection(ProjectConfigurationPlatforms) = postSolution
		{EC0540CA-D969-4842-8075-E5C21FF93660}.Debug|Any CPU.ActiveCfg = Debug|Any CPU
		{EC0540CA-D969-4842-8075-E5C21FF93660}.Debug|Any CPU.Build.0 = Debug|Any CPU
		{EC0540CA-D969-4842-8075-E5C21FF93660}.Release|Any CPU.ActiveCfg = Release|Any CPU
		{EC0540CA-D969-4842-8075-E5C21FF93660}.Release|Any CPU.Build.0 = Release|Any CPU
	EndGlobalSection
	GlobalSection(SolutionProperties) = preSolution
		HideSolutionNode = FALSE
	EndGlobalSection
	GlobalSection(ExtensibilityGlobals) = postSolution
		SolutionGuid = {B62B5144-16A6-4460-A070-181A45ABB7BC}
	EndGlobalSection
EndGlobal
